// !$*UTF8*$!
{
	archiveVersion = 1;
	classes = {
	};
	objectVersion = 54;
	objects = {

/* Begin PBXBuildFile section */
		00E356F31AD99517003FC87E /* crypto_experimentTests.m in Sources */ = {isa = PBXBuildFile; fileRef = 00E356F21AD99517003FC87E /* crypto_experimentTests.m */; };
		0C80B921A6F3F58F76C31292 /* libPods-crypto_experiment.a in Frameworks */ = {isa = PBXBuildFile; fileRef = 5DCACB8F33CDC322A6C60F78 /* libPods-crypto_experiment.a */; };
		13B07FBC1A68108700A75B9A /* AppDelegate.mm in Sources */ = {isa = PBXBuildFile; fileRef = 13B07FB01A68108700A75B9A /* AppDelegate.mm */; };
		13B07FBF1A68108700A75B9A /* Images.xcassets in Resources */ = {isa = PBXBuildFile; fileRef = 13B07FB51A68108700A75B9A /* Images.xcassets */; };
		13B07FC11A68108700A75B9A /* main.m in Sources */ = {isa = PBXBuildFile; fileRef = 13B07FB71A68108700A75B9A /* main.m */; };
		7699B88040F8A987B510C191 /* libPods-crypto_experiment-crypto_experimentTests.a in Frameworks */ = {isa = PBXBuildFile; fileRef = 19F6CBCC0A4E27FBF8BF4A61 /* libPods-crypto_experiment-crypto_experimentTests.a */; };
		81AB9BB82411601600AC10FF /* LaunchScreen.storyboard in Resources */ = {isa = PBXBuildFile; fileRef = 81AB9BB72411601600AC10FF /* LaunchScreen.storyboard */; };
		2866363B805B42968D1E75F0 /* Roboto-Black.ttf in Resources */ = {isa = PBXBuildFile; fileRef = 55CB0BAD9D6E41BD9CA1F6E3 /* Roboto-Black.ttf */; };
		0AB04F8D28E44944AB2B03E0 /* Roboto-BlackItalic.ttf in Resources */ = {isa = PBXBuildFile; fileRef = 6EC87763111844D2A887F4FE /* Roboto-BlackItalic.ttf */; };
		68F70A78ABAC44FBAF446D5C /* Roboto-Bold.ttf in Resources */ = {isa = PBXBuildFile; fileRef = 89EBE7FA8E1644DDA9252084 /* Roboto-Bold.ttf */; };
		FBBEF02E05F546EAA144258C /* Roboto-BoldItalic.ttf in Resources */ = {isa = PBXBuildFile; fileRef = 4C6859E9C2BB4D52B183E1B1 /* Roboto-BoldItalic.ttf */; };
		5154E76B6B8F4A008A193D2A /* Roboto-Italic.ttf in Resources */ = {isa = PBXBuildFile; fileRef = 8D9283EB3C4F4A31B52142D6 /* Roboto-Italic.ttf */; };
		43F05F2419F949F89B2DA0C2 /* Roboto-Light.ttf in Resources */ = {isa = PBXBuildFile; fileRef = 7FF4FC7D8A314A4F8628D921 /* Roboto-Light.ttf */; };
		FA4FE81AF84C42FA99C3D3A2 /* Roboto-LightItalic.ttf in Resources */ = {isa = PBXBuildFile; fileRef = ECEEE1B317EE4B83B46450B0 /* Roboto-LightItalic.ttf */; };
		51AB30E163174D9FBE978598 /* Roboto-Medium.ttf in Resources */ = {isa = PBXBuildFile; fileRef = 93A7B6BA0E3341D18AE27F48 /* Roboto-Medium.ttf */; };
		1E97387669AC4167827871C0 /* Roboto-MediumItalic.ttf in Resources */ = {isa = PBXBuildFile; fileRef = 63B3A0D84F6549FB8646FE2B /* Roboto-MediumItalic.ttf */; };
		D537CC3E83854BA2959F8ED1 /* Roboto-Regular.ttf in Resources */ = {isa = PBXBuildFile; fileRef = F4FBDA7BA9EA4727B3590E35 /* Roboto-Regular.ttf */; };
		C239C6DF78824BBC9185CA58 /* Roboto-Thin.ttf in Resources */ = {isa = PBXBuildFile; fileRef = 91E8F5AEF2214F379444BB7B /* Roboto-Thin.ttf */; };
		22A0C2F825014D73B359621F /* Roboto-ThinItalic.ttf in Resources */ = {isa = PBXBuildFile; fileRef = FF5673AAEAF74C93ABD83CAE /* Roboto-ThinItalic.ttf */; };
		213404D5D6D0436FB5C25797 /* RobotoMono.ttf in Resources */ = {isa = PBXBuildFile; fileRef = 42135CD454E047F1AA7F4EBA /* RobotoMono.ttf */; };
		5569301BC22945319A51EAE3 /* SourceSans3-Black.ttf in Resources */ = {isa = PBXBuildFile; fileRef = 805246B5797C473AA20FB306 /* SourceSans3-Black.ttf */; };
		C84140CB138544C19335E061 /* SourceSans3-BlackItalic.ttf in Resources */ = {isa = PBXBuildFile; fileRef = 13D9ABB34B4648318816B072 /* SourceSans3-BlackItalic.ttf */; };
		E3C0CF59D127453F80FB0FCF /* SourceSans3-Bold.ttf in Resources */ = {isa = PBXBuildFile; fileRef = 025CC828A74541588C3F2F81 /* SourceSans3-Bold.ttf */; };
		ADAA1473F7984182B6A669FB /* SourceSans3-BoldItalic.ttf in Resources */ = {isa = PBXBuildFile; fileRef = 3FF9C829BA174FD494CB2D03 /* SourceSans3-BoldItalic.ttf */; };
		630A042AB6C74CACB3A222A4 /* SourceSans3-ExtraBold.ttf in Resources */ = {isa = PBXBuildFile; fileRef = 47E1E9BF1B08423BB534C26F /* SourceSans3-ExtraBold.ttf */; };
		1BAE18F35E534B748522832A /* SourceSans3-ExtraBoldItalic.ttf in Resources */ = {isa = PBXBuildFile; fileRef = D375848E51AD44F4903EB719 /* SourceSans3-ExtraBoldItalic.ttf */; };
		D1920A9C948A44B2A5B18E15 /* SourceSans3-ExtraLight.ttf in Resources */ = {isa = PBXBuildFile; fileRef = EA13DF82D48D4981AC21F35A /* SourceSans3-ExtraLight.ttf */; };
		5C0662DABFF245E3AEBCE997 /* SourceSans3-ExtraLightItalic.ttf in Resources */ = {isa = PBXBuildFile; fileRef = 008EE45B675C4D49B6F80E8D /* SourceSans3-ExtraLightItalic.ttf */; };
		2C073AE69C5A43E49CD7E83E /* SourceSans3-Italic.ttf in Resources */ = {isa = PBXBuildFile; fileRef = 0F82969F76F64BCEBE1CC0D3 /* SourceSans3-Italic.ttf */; };
		2B92C3F021E1436998146726 /* SourceSans3-Light.ttf in Resources */ = {isa = PBXBuildFile; fileRef = 0618D238977A4130AE9460BD /* SourceSans3-Light.ttf */; };
		09F376BD67FB4F09B140BBBD /* SourceSans3-LightItalic.ttf in Resources */ = {isa = PBXBuildFile; fileRef = 22D4D7A5B6554DE6A690135A /* SourceSans3-LightItalic.ttf */; };
		155805C0AA5E4849BBE327F3 /* SourceSans3-Medium.ttf in Resources */ = {isa = PBXBuildFile; fileRef = CC09A0BB397B4D2B90A5FD43 /* SourceSans3-Medium.ttf */; };
		FF3D66444FFE41278A5D7312 /* SourceSans3-MediumItalic.ttf in Resources */ = {isa = PBXBuildFile; fileRef = 00AAFA1AE4F049B6BFBC1418 /* SourceSans3-MediumItalic.ttf */; };
		6D1087EC93F94C158FAB9A87 /* SourceSans3-Regular.ttf in Resources */ = {isa = PBXBuildFile; fileRef = BED5716675C343EBAA5220E4 /* SourceSans3-Regular.ttf */; };
		8EC27AAD2E474B0EA3227FCA /* SourceSans3-SemiBold.ttf in Resources */ = {isa = PBXBuildFile; fileRef = DEABFA1C0AFF428AA067A883 /* SourceSans3-SemiBold.ttf */; };
		FD818719278D4BC29585844E /* SourceSans3-SemiBoldItalic.ttf in Resources */ = {isa = PBXBuildFile; fileRef = 451F193954EE4C5082E5E260 /* SourceSans3-SemiBoldItalic.ttf */; };
/* End PBXBuildFile section */

/* Begin PBXContainerItemProxy section */
		00E356F41AD99517003FC87E /* PBXContainerItemProxy */ = {
			isa = PBXContainerItemProxy;
			containerPortal = 83CBB9F71A601CBA00E9B192 /* Project object */;
			proxyType = 1;
			remoteGlobalIDString = 13B07F861A680F5B00A75B9A;
			remoteInfo = crypto_experiment;
		};
/* End PBXContainerItemProxy section */

/* Begin PBXFileReference section */
		00E356EE1AD99517003FC87E /* crypto_experimentTests.xctest */ = {isa = PBXFileReference; explicitFileType = wrapper.cfbundle; includeInIndex = 0; path = crypto_experimentTests.xctest; sourceTree = BUILT_PRODUCTS_DIR; };
		00E356F11AD99517003FC87E /* Info.plist */ = {isa = PBXFileReference; lastKnownFileType = text.plist.xml; path = Info.plist; sourceTree = "<group>"; };
		00E356F21AD99517003FC87E /* crypto_experimentTests.m */ = {isa = PBXFileReference; lastKnownFileType = sourcecode.c.objc; path = crypto_experimentTests.m; sourceTree = "<group>"; };
		13B07F961A680F5B00A75B9A /* crypto_experiment.app */ = {isa = PBXFileReference; explicitFileType = wrapper.application; includeInIndex = 0; path = crypto_experiment.app; sourceTree = BUILT_PRODUCTS_DIR; };
		13B07FAF1A68108700A75B9A /* AppDelegate.h */ = {isa = PBXFileReference; fileEncoding = 4; lastKnownFileType = sourcecode.c.h; name = AppDelegate.h; path = crypto_experiment/AppDelegate.h; sourceTree = "<group>"; };
		13B07FB01A68108700A75B9A /* AppDelegate.mm */ = {isa = PBXFileReference; fileEncoding = 4; lastKnownFileType = sourcecode.cpp.objcpp; name = AppDelegate.mm; path = crypto_experiment/AppDelegate.mm; sourceTree = "<group>"; };
		13B07FB51A68108700A75B9A /* Images.xcassets */ = {isa = PBXFileReference; lastKnownFileType = folder.assetcatalog; name = Images.xcassets; path = crypto_experiment/Images.xcassets; sourceTree = "<group>"; };
		13B07FB61A68108700A75B9A /* Info.plist */ = {isa = PBXFileReference; fileEncoding = 4; lastKnownFileType = text.plist.xml; name = Info.plist; path = crypto_experiment/Info.plist; sourceTree = "<group>"; };
		13B07FB71A68108700A75B9A /* main.m */ = {isa = PBXFileReference; fileEncoding = 4; lastKnownFileType = sourcecode.c.objc; name = main.m; path = crypto_experiment/main.m; sourceTree = "<group>"; };
		19F6CBCC0A4E27FBF8BF4A61 /* libPods-crypto_experiment-crypto_experimentTests.a */ = {isa = PBXFileReference; explicitFileType = archive.ar; includeInIndex = 0; path = "libPods-crypto_experiment-crypto_experimentTests.a"; sourceTree = BUILT_PRODUCTS_DIR; };
		3B4392A12AC88292D35C810B /* Pods-crypto_experiment.debug.xcconfig */ = {isa = PBXFileReference; includeInIndex = 1; lastKnownFileType = text.xcconfig; name = "Pods-crypto_experiment.debug.xcconfig"; path = "Target Support Files/Pods-crypto_experiment/Pods-crypto_experiment.debug.xcconfig"; sourceTree = "<group>"; };
		5709B34CF0A7D63546082F79 /* Pods-crypto_experiment.release.xcconfig */ = {isa = PBXFileReference; includeInIndex = 1; lastKnownFileType = text.xcconfig; name = "Pods-crypto_experiment.release.xcconfig"; path = "Target Support Files/Pods-crypto_experiment/Pods-crypto_experiment.release.xcconfig"; sourceTree = "<group>"; };
		5B7EB9410499542E8C5724F5 /* Pods-crypto_experiment-crypto_experimentTests.debug.xcconfig */ = {isa = PBXFileReference; includeInIndex = 1; lastKnownFileType = text.xcconfig; name = "Pods-crypto_experiment-crypto_experimentTests.debug.xcconfig"; path = "Target Support Files/Pods-crypto_experiment-crypto_experimentTests/Pods-crypto_experiment-crypto_experimentTests.debug.xcconfig"; sourceTree = "<group>"; };
		5DCACB8F33CDC322A6C60F78 /* libPods-crypto_experiment.a */ = {isa = PBXFileReference; explicitFileType = archive.ar; includeInIndex = 0; path = "libPods-crypto_experiment.a"; sourceTree = BUILT_PRODUCTS_DIR; };
		81AB9BB72411601600AC10FF /* LaunchScreen.storyboard */ = {isa = PBXFileReference; fileEncoding = 4; lastKnownFileType = file.storyboard; name = LaunchScreen.storyboard; path = crypto_experiment/LaunchScreen.storyboard; sourceTree = "<group>"; };
		89C6BE57DB24E9ADA2F236DE /* Pods-crypto_experiment-crypto_experimentTests.release.xcconfig */ = {isa = PBXFileReference; includeInIndex = 1; lastKnownFileType = text.xcconfig; name = "Pods-crypto_experiment-crypto_experimentTests.release.xcconfig"; path = "Target Support Files/Pods-crypto_experiment-crypto_experimentTests/Pods-crypto_experiment-crypto_experimentTests.release.xcconfig"; sourceTree = "<group>"; };
		ED297162215061F000B7C4FE /* JavaScriptCore.framework */ = {isa = PBXFileReference; lastKnownFileType = wrapper.framework; name = JavaScriptCore.framework; path = System/Library/Frameworks/JavaScriptCore.framework; sourceTree = SDKROOT; };
		55CB0BAD9D6E41BD9CA1F6E3 /* Roboto-Black.ttf */ = {isa = PBXFileReference; name = "Roboto-Black.ttf"; path = "../assets/fonts/Roboto-Black.ttf"; sourceTree = "<group>"; fileEncoding = undefined; lastKnownFileType = unknown; explicitFileType = undefined; includeInIndex = 0; };
		6EC87763111844D2A887F4FE /* Roboto-BlackItalic.ttf */ = {isa = PBXFileReference; name = "Roboto-BlackItalic.ttf"; path = "../assets/fonts/Roboto-BlackItalic.ttf"; sourceTree = "<group>"; fileEncoding = undefined; lastKnownFileType = unknown; explicitFileType = undefined; includeInIndex = 0; };
		89EBE7FA8E1644DDA9252084 /* Roboto-Bold.ttf */ = {isa = PBXFileReference; name = "Roboto-Bold.ttf"; path = "../assets/fonts/Roboto-Bold.ttf"; sourceTree = "<group>"; fileEncoding = undefined; lastKnownFileType = unknown; explicitFileType = undefined; includeInIndex = 0; };
		4C6859E9C2BB4D52B183E1B1 /* Roboto-BoldItalic.ttf */ = {isa = PBXFileReference; name = "Roboto-BoldItalic.ttf"; path = "../assets/fonts/Roboto-BoldItalic.ttf"; sourceTree = "<group>"; fileEncoding = undefined; lastKnownFileType = unknown; explicitFileType = undefined; includeInIndex = 0; };
		8D9283EB3C4F4A31B52142D6 /* Roboto-Italic.ttf */ = {isa = PBXFileReference; name = "Roboto-Italic.ttf"; path = "../assets/fonts/Roboto-Italic.ttf"; sourceTree = "<group>"; fileEncoding = undefined; lastKnownFileType = unknown; explicitFileType = undefined; includeInIndex = 0; };
		7FF4FC7D8A314A4F8628D921 /* Roboto-Light.ttf */ = {isa = PBXFileReference; name = "Roboto-Light.ttf"; path = "../assets/fonts/Roboto-Light.ttf"; sourceTree = "<group>"; fileEncoding = undefined; lastKnownFileType = unknown; explicitFileType = undefined; includeInIndex = 0; };
		ECEEE1B317EE4B83B46450B0 /* Roboto-LightItalic.ttf */ = {isa = PBXFileReference; name = "Roboto-LightItalic.ttf"; path = "../assets/fonts/Roboto-LightItalic.ttf"; sourceTree = "<group>"; fileEncoding = undefined; lastKnownFileType = unknown; explicitFileType = undefined; includeInIndex = 0; };
		93A7B6BA0E3341D18AE27F48 /* Roboto-Medium.ttf */ = {isa = PBXFileReference; name = "Roboto-Medium.ttf"; path = "../assets/fonts/Roboto-Medium.ttf"; sourceTree = "<group>"; fileEncoding = undefined; lastKnownFileType = unknown; explicitFileType = undefined; includeInIndex = 0; };
		63B3A0D84F6549FB8646FE2B /* Roboto-MediumItalic.ttf */ = {isa = PBXFileReference; name = "Roboto-MediumItalic.ttf"; path = "../assets/fonts/Roboto-MediumItalic.ttf"; sourceTree = "<group>"; fileEncoding = undefined; lastKnownFileType = unknown; explicitFileType = undefined; includeInIndex = 0; };
		F4FBDA7BA9EA4727B3590E35 /* Roboto-Regular.ttf */ = {isa = PBXFileReference; name = "Roboto-Regular.ttf"; path = "../assets/fonts/Roboto-Regular.ttf"; sourceTree = "<group>"; fileEncoding = undefined; lastKnownFileType = unknown; explicitFileType = undefined; includeInIndex = 0; };
		91E8F5AEF2214F379444BB7B /* Roboto-Thin.ttf */ = {isa = PBXFileReference; name = "Roboto-Thin.ttf"; path = "../assets/fonts/Roboto-Thin.ttf"; sourceTree = "<group>"; fileEncoding = undefined; lastKnownFileType = unknown; explicitFileType = undefined; includeInIndex = 0; };
		FF5673AAEAF74C93ABD83CAE /* Roboto-ThinItalic.ttf */ = {isa = PBXFileReference; name = "Roboto-ThinItalic.ttf"; path = "../assets/fonts/Roboto-ThinItalic.ttf"; sourceTree = "<group>"; fileEncoding = undefined; lastKnownFileType = unknown; explicitFileType = undefined; includeInIndex = 0; };
		42135CD454E047F1AA7F4EBA /* RobotoMono.ttf */ = {isa = PBXFileReference; name = "RobotoMono.ttf"; path = "../assets/fonts/RobotoMono.ttf"; sourceTree = "<group>"; fileEncoding = undefined; lastKnownFileType = unknown; explicitFileType = undefined; includeInIndex = 0; };
		805246B5797C473AA20FB306 /* SourceSans3-Black.ttf */ = {isa = PBXFileReference; name = "SourceSans3-Black.ttf"; path = "../assets/fonts/SourceSans3-Black.ttf"; sourceTree = "<group>"; fileEncoding = undefined; lastKnownFileType = unknown; explicitFileType = undefined; includeInIndex = 0; };
		13D9ABB34B4648318816B072 /* SourceSans3-BlackItalic.ttf */ = {isa = PBXFileReference; name = "SourceSans3-BlackItalic.ttf"; path = "../assets/fonts/SourceSans3-BlackItalic.ttf"; sourceTree = "<group>"; fileEncoding = undefined; lastKnownFileType = unknown; explicitFileType = undefined; includeInIndex = 0; };
		025CC828A74541588C3F2F81 /* SourceSans3-Bold.ttf */ = {isa = PBXFileReference; name = "SourceSans3-Bold.ttf"; path = "../assets/fonts/SourceSans3-Bold.ttf"; sourceTree = "<group>"; fileEncoding = undefined; lastKnownFileType = unknown; explicitFileType = undefined; includeInIndex = 0; };
		3FF9C829BA174FD494CB2D03 /* SourceSans3-BoldItalic.ttf */ = {isa = PBXFileReference; name = "SourceSans3-BoldItalic.ttf"; path = "../assets/fonts/SourceSans3-BoldItalic.ttf"; sourceTree = "<group>"; fileEncoding = undefined; lastKnownFileType = unknown; explicitFileType = undefined; includeInIndex = 0; };
		47E1E9BF1B08423BB534C26F /* SourceSans3-ExtraBold.ttf */ = {isa = PBXFileReference; name = "SourceSans3-ExtraBold.ttf"; path = "../assets/fonts/SourceSans3-ExtraBold.ttf"; sourceTree = "<group>"; fileEncoding = undefined; lastKnownFileType = unknown; explicitFileType = undefined; includeInIndex = 0; };
		D375848E51AD44F4903EB719 /* SourceSans3-ExtraBoldItalic.ttf */ = {isa = PBXFileReference; name = "SourceSans3-ExtraBoldItalic.ttf"; path = "../assets/fonts/SourceSans3-ExtraBoldItalic.ttf"; sourceTree = "<group>"; fileEncoding = undefined; lastKnownFileType = unknown; explicitFileType = undefined; includeInIndex = 0; };
		EA13DF82D48D4981AC21F35A /* SourceSans3-ExtraLight.ttf */ = {isa = PBXFileReference; name = "SourceSans3-ExtraLight.ttf"; path = "../assets/fonts/SourceSans3-ExtraLight.ttf"; sourceTree = "<group>"; fileEncoding = undefined; lastKnownFileType = unknown; explicitFileType = undefined; includeInIndex = 0; };
		008EE45B675C4D49B6F80E8D /* SourceSans3-ExtraLightItalic.ttf */ = {isa = PBXFileReference; name = "SourceSans3-ExtraLightItalic.ttf"; path = "../assets/fonts/SourceSans3-ExtraLightItalic.ttf"; sourceTree = "<group>"; fileEncoding = undefined; lastKnownFileType = unknown; explicitFileType = undefined; includeInIndex = 0; };
		0F82969F76F64BCEBE1CC0D3 /* SourceSans3-Italic.ttf */ = {isa = PBXFileReference; name = "SourceSans3-Italic.ttf"; path = "../assets/fonts/SourceSans3-Italic.ttf"; sourceTree = "<group>"; fileEncoding = undefined; lastKnownFileType = unknown; explicitFileType = undefined; includeInIndex = 0; };
		0618D238977A4130AE9460BD /* SourceSans3-Light.ttf */ = {isa = PBXFileReference; name = "SourceSans3-Light.ttf"; path = "../assets/fonts/SourceSans3-Light.ttf"; sourceTree = "<group>"; fileEncoding = undefined; lastKnownFileType = unknown; explicitFileType = undefined; includeInIndex = 0; };
		22D4D7A5B6554DE6A690135A /* SourceSans3-LightItalic.ttf */ = {isa = PBXFileReference; name = "SourceSans3-LightItalic.ttf"; path = "../assets/fonts/SourceSans3-LightItalic.ttf"; sourceTree = "<group>"; fileEncoding = undefined; lastKnownFileType = unknown; explicitFileType = undefined; includeInIndex = 0; };
		CC09A0BB397B4D2B90A5FD43 /* SourceSans3-Medium.ttf */ = {isa = PBXFileReference; name = "SourceSans3-Medium.ttf"; path = "../assets/fonts/SourceSans3-Medium.ttf"; sourceTree = "<group>"; fileEncoding = undefined; lastKnownFileType = unknown; explicitFileType = undefined; includeInIndex = 0; };
		00AAFA1AE4F049B6BFBC1418 /* SourceSans3-MediumItalic.ttf */ = {isa = PBXFileReference; name = "SourceSans3-MediumItalic.ttf"; path = "../assets/fonts/SourceSans3-MediumItalic.ttf"; sourceTree = "<group>"; fileEncoding = undefined; lastKnownFileType = unknown; explicitFileType = undefined; includeInIndex = 0; };
		BED5716675C343EBAA5220E4 /* SourceSans3-Regular.ttf */ = {isa = PBXFileReference; name = "SourceSans3-Regular.ttf"; path = "../assets/fonts/SourceSans3-Regular.ttf"; sourceTree = "<group>"; fileEncoding = undefined; lastKnownFileType = unknown; explicitFileType = undefined; includeInIndex = 0; };
		DEABFA1C0AFF428AA067A883 /* SourceSans3-SemiBold.ttf */ = {isa = PBXFileReference; name = "SourceSans3-SemiBold.ttf"; path = "../assets/fonts/SourceSans3-SemiBold.ttf"; sourceTree = "<group>"; fileEncoding = undefined; lastKnownFileType = unknown; explicitFileType = undefined; includeInIndex = 0; };
		451F193954EE4C5082E5E260 /* SourceSans3-SemiBoldItalic.ttf */ = {isa = PBXFileReference; name = "SourceSans3-SemiBoldItalic.ttf"; path = "../assets/fonts/SourceSans3-SemiBoldItalic.ttf"; sourceTree = "<group>"; fileEncoding = undefined; lastKnownFileType = unknown; explicitFileType = undefined; includeInIndex = 0; };
/* End PBXFileReference section */

/* Begin PBXFrameworksBuildPhase section */
		00E356EB1AD99517003FC87E /* Frameworks */ = {
			isa = PBXFrameworksBuildPhase;
			buildActionMask = 2147483647;
			files = (
				7699B88040F8A987B510C191 /* libPods-crypto_experiment-crypto_experimentTests.a in Frameworks */,
			);
			runOnlyForDeploymentPostprocessing = 0;
		};
		13B07F8C1A680F5B00A75B9A /* Frameworks */ = {
			isa = PBXFrameworksBuildPhase;
			buildActionMask = 2147483647;
			files = (
				0C80B921A6F3F58F76C31292 /* libPods-crypto_experiment.a in Frameworks */,
			);
			runOnlyForDeploymentPostprocessing = 0;
		};
/* End PBXFrameworksBuildPhase section */

/* Begin PBXGroup section */
		00E356EF1AD99517003FC87E /* crypto_experimentTests */ = {
			isa = PBXGroup;
			children = (
				00E356F21AD99517003FC87E /* crypto_experimentTests.m */,
				00E356F01AD99517003FC87E /* Supporting Files */,
			);
			path = crypto_experimentTests;
			sourceTree = "<group>";
		};
		00E356F01AD99517003FC87E /* Supporting Files */ = {
			isa = PBXGroup;
			children = (
				00E356F11AD99517003FC87E /* Info.plist */,
			);
			name = "Supporting Files";
			sourceTree = "<group>";
		};
		13B07FAE1A68108700A75B9A /* crypto_experiment */ = {
			isa = PBXGroup;
			children = (
				13B07FAF1A68108700A75B9A /* AppDelegate.h */,
				13B07FB01A68108700A75B9A /* AppDelegate.mm */,
				13B07FB51A68108700A75B9A /* Images.xcassets */,
				13B07FB61A68108700A75B9A /* Info.plist */,
				81AB9BB72411601600AC10FF /* LaunchScreen.storyboard */,
				13B07FB71A68108700A75B9A /* main.m */,
			);
			name = crypto_experiment;
			sourceTree = "<group>";
		};
		2D16E6871FA4F8E400B85C8A /* Frameworks */ = {
			isa = PBXGroup;
			children = (
				ED297162215061F000B7C4FE /* JavaScriptCore.framework */,
				5DCACB8F33CDC322A6C60F78 /* libPods-crypto_experiment.a */,
				19F6CBCC0A4E27FBF8BF4A61 /* libPods-crypto_experiment-crypto_experimentTests.a */,
			);
			name = Frameworks;
			sourceTree = "<group>";
		};
		832341AE1AAA6A7D00B99B32 /* Libraries */ = {
			isa = PBXGroup;
			children = (
			);
			name = Libraries;
			sourceTree = "<group>";
		};
		83CBB9F61A601CBA00E9B192 = {
			isa = PBXGroup;
			children = (
				13B07FAE1A68108700A75B9A /* crypto_experiment */,
				832341AE1AAA6A7D00B99B32 /* Libraries */,
				00E356EF1AD99517003FC87E /* crypto_experimentTests */,
				83CBBA001A601CBA00E9B192 /* Products */,
				2D16E6871FA4F8E400B85C8A /* Frameworks */,
				BBD78D7AC51CEA395F1C20DB /* Pods */,
				03C01A969AAD42C09111D424 /* Resources */,
			);
			indentWidth = 2;
			sourceTree = "<group>";
			tabWidth = 2;
			usesTabs = 0;
		};
		83CBBA001A601CBA00E9B192 /* Products */ = {
			isa = PBXGroup;
			children = (
				13B07F961A680F5B00A75B9A /* crypto_experiment.app */,
				00E356EE1AD99517003FC87E /* crypto_experimentTests.xctest */,
			);
			name = Products;
			sourceTree = "<group>";
		};
		BBD78D7AC51CEA395F1C20DB /* Pods */ = {
			isa = PBXGroup;
			children = (
				3B4392A12AC88292D35C810B /* Pods-crypto_experiment.debug.xcconfig */,
				5709B34CF0A7D63546082F79 /* Pods-crypto_experiment.release.xcconfig */,
				5B7EB9410499542E8C5724F5 /* Pods-crypto_experiment-crypto_experimentTests.debug.xcconfig */,
				89C6BE57DB24E9ADA2F236DE /* Pods-crypto_experiment-crypto_experimentTests.release.xcconfig */,
			);
			path = Pods;
			sourceTree = "<group>";
		};
		03C01A969AAD42C09111D424 /* Resources */ = {
			isa = "PBXGroup";
			children = (
				55CB0BAD9D6E41BD9CA1F6E3 /* Roboto-Black.ttf */,
				6EC87763111844D2A887F4FE /* Roboto-BlackItalic.ttf */,
				89EBE7FA8E1644DDA9252084 /* Roboto-Bold.ttf */,
				4C6859E9C2BB4D52B183E1B1 /* Roboto-BoldItalic.ttf */,
				8D9283EB3C4F4A31B52142D6 /* Roboto-Italic.ttf */,
				7FF4FC7D8A314A4F8628D921 /* Roboto-Light.ttf */,
				ECEEE1B317EE4B83B46450B0 /* Roboto-LightItalic.ttf */,
				93A7B6BA0E3341D18AE27F48 /* Roboto-Medium.ttf */,
				63B3A0D84F6549FB8646FE2B /* Roboto-MediumItalic.ttf */,
				F4FBDA7BA9EA4727B3590E35 /* Roboto-Regular.ttf */,
				91E8F5AEF2214F379444BB7B /* Roboto-Thin.ttf */,
				FF5673AAEAF74C93ABD83CAE /* Roboto-ThinItalic.ttf */,
				42135CD454E047F1AA7F4EBA /* RobotoMono.ttf */,
				805246B5797C473AA20FB306 /* SourceSans3-Black.ttf */,
				13D9ABB34B4648318816B072 /* SourceSans3-BlackItalic.ttf */,
				025CC828A74541588C3F2F81 /* SourceSans3-Bold.ttf */,
				3FF9C829BA174FD494CB2D03 /* SourceSans3-BoldItalic.ttf */,
				47E1E9BF1B08423BB534C26F /* SourceSans3-ExtraBold.ttf */,
				D375848E51AD44F4903EB719 /* SourceSans3-ExtraBoldItalic.ttf */,
				EA13DF82D48D4981AC21F35A /* SourceSans3-ExtraLight.ttf */,
				008EE45B675C4D49B6F80E8D /* SourceSans3-ExtraLightItalic.ttf */,
				0F82969F76F64BCEBE1CC0D3 /* SourceSans3-Italic.ttf */,
				0618D238977A4130AE9460BD /* SourceSans3-Light.ttf */,
				22D4D7A5B6554DE6A690135A /* SourceSans3-LightItalic.ttf */,
				CC09A0BB397B4D2B90A5FD43 /* SourceSans3-Medium.ttf */,
				00AAFA1AE4F049B6BFBC1418 /* SourceSans3-MediumItalic.ttf */,
				BED5716675C343EBAA5220E4 /* SourceSans3-Regular.ttf */,
				DEABFA1C0AFF428AA067A883 /* SourceSans3-SemiBold.ttf */,
				451F193954EE4C5082E5E260 /* SourceSans3-SemiBoldItalic.ttf */,
			);
			name = Resources;
			sourceTree = "<group>";
			path = "";
		};
/* End PBXGroup section */

/* Begin PBXNativeTarget section */
		00E356ED1AD99517003FC87E /* crypto_experimentTests */ = {
			isa = PBXNativeTarget;
			buildConfigurationList = 00E357021AD99517003FC87E /* Build configuration list for PBXNativeTarget "crypto_experimentTests" */;
			buildPhases = (
				A55EABD7B0C7F3A422A6CC61 /* [CP] Check Pods Manifest.lock */,
				00E356EA1AD99517003FC87E /* Sources */,
				00E356EB1AD99517003FC87E /* Frameworks */,
				00E356EC1AD99517003FC87E /* Resources */,
				C59DA0FBD6956966B86A3779 /* [CP] Embed Pods Frameworks */,
				F6A41C54EA430FDDC6A6ED99 /* [CP] Copy Pods Resources */,
			);
			buildRules = (
			);
			dependencies = (
				00E356F51AD99517003FC87E /* PBXTargetDependency */,
			);
			name = crypto_experimentTests;
			productName = crypto_experimentTests;
			productReference = 00E356EE1AD99517003FC87E /* crypto_experimentTests.xctest */;
			productType = "com.apple.product-type.bundle.unit-test";
		};
		13B07F861A680F5B00A75B9A /* crypto_experiment */ = {
			isa = PBXNativeTarget;
			buildConfigurationList = 13B07F931A680F5B00A75B9A /* Build configuration list for PBXNativeTarget "crypto_experiment" */;
			buildPhases = (
				C38B50BA6285516D6DCD4F65 /* [CP] Check Pods Manifest.lock */,
				FD10A7F022414F080027D42C /* Start Packager */,
				13B07F871A680F5B00A75B9A /* Sources */,
				13B07F8C1A680F5B00A75B9A /* Frameworks */,
				13B07F8E1A680F5B00A75B9A /* Resources */,
				00DD1BFF1BD5951E006B06BC /* Bundle React Native code and images */,
				00EEFC60759A1932668264C0 /* [CP] Embed Pods Frameworks */,
				E235C05ADACE081382539298 /* [CP] Copy Pods Resources */,
			);
			buildRules = (
			);
			dependencies = (
			);
			name = crypto_experiment;
			productName = crypto_experiment;
			productReference = 13B07F961A680F5B00A75B9A /* crypto_experiment.app */;
			productType = "com.apple.product-type.application";
		};
/* End PBXNativeTarget section */

/* Begin PBXProject section */
		83CBB9F71A601CBA00E9B192 /* Project object */ = {
			isa = PBXProject;
			attributes = {
				LastUpgradeCheck = 1210;
				TargetAttributes = {
					00E356ED1AD99517003FC87E = {
						CreatedOnToolsVersion = 6.2;
						TestTargetID = 13B07F861A680F5B00A75B9A;
					};
					13B07F861A680F5B00A75B9A = {
						LastSwiftMigration = 1120;
					};
				};
			};
			buildConfigurationList = 83CBB9FA1A601CBA00E9B192 /* Build configuration list for PBXProject "crypto_experiment" */;
			compatibilityVersion = "Xcode 12.0";
			developmentRegion = en;
			hasScannedForEncodings = 0;
			knownRegions = (
				en,
				Base,
			);
			mainGroup = 83CBB9F61A601CBA00E9B192;
			productRefGroup = 83CBBA001A601CBA00E9B192 /* Products */;
			projectDirPath = "";
			projectRoot = "";
			targets = (
				13B07F861A680F5B00A75B9A /* crypto_experiment */,
				00E356ED1AD99517003FC87E /* crypto_experimentTests */,
			);
		};
/* End PBXProject section */

/* Begin PBXResourcesBuildPhase section */
		00E356EC1AD99517003FC87E /* Resources */ = {
			isa = PBXResourcesBuildPhase;
			buildActionMask = 2147483647;
			files = (
			);
			runOnlyForDeploymentPostprocessing = 0;
		};
		13B07F8E1A680F5B00A75B9A /* Resources */ = {
			isa = PBXResourcesBuildPhase;
			buildActionMask = 2147483647;
			files = (
				81AB9BB82411601600AC10FF /* LaunchScreen.storyboard in Resources */,
				13B07FBF1A68108700A75B9A /* Images.xcassets in Resources */,
				2866363B805B42968D1E75F0 /* Roboto-Black.ttf in Resources */,
				0AB04F8D28E44944AB2B03E0 /* Roboto-BlackItalic.ttf in Resources */,
				68F70A78ABAC44FBAF446D5C /* Roboto-Bold.ttf in Resources */,
				FBBEF02E05F546EAA144258C /* Roboto-BoldItalic.ttf in Resources */,
				5154E76B6B8F4A008A193D2A /* Roboto-Italic.ttf in Resources */,
				43F05F2419F949F89B2DA0C2 /* Roboto-Light.ttf in Resources */,
				FA4FE81AF84C42FA99C3D3A2 /* Roboto-LightItalic.ttf in Resources */,
				51AB30E163174D9FBE978598 /* Roboto-Medium.ttf in Resources */,
				1E97387669AC4167827871C0 /* Roboto-MediumItalic.ttf in Resources */,
				D537CC3E83854BA2959F8ED1 /* Roboto-Regular.ttf in Resources */,
				C239C6DF78824BBC9185CA58 /* Roboto-Thin.ttf in Resources */,
				22A0C2F825014D73B359621F /* Roboto-ThinItalic.ttf in Resources */,
				213404D5D6D0436FB5C25797 /* RobotoMono.ttf in Resources */,
				5569301BC22945319A51EAE3 /* SourceSans3-Black.ttf in Resources */,
				C84140CB138544C19335E061 /* SourceSans3-BlackItalic.ttf in Resources */,
				E3C0CF59D127453F80FB0FCF /* SourceSans3-Bold.ttf in Resources */,
				ADAA1473F7984182B6A669FB /* SourceSans3-BoldItalic.ttf in Resources */,
				630A042AB6C74CACB3A222A4 /* SourceSans3-ExtraBold.ttf in Resources */,
				1BAE18F35E534B748522832A /* SourceSans3-ExtraBoldItalic.ttf in Resources */,
				D1920A9C948A44B2A5B18E15 /* SourceSans3-ExtraLight.ttf in Resources */,
				5C0662DABFF245E3AEBCE997 /* SourceSans3-ExtraLightItalic.ttf in Resources */,
				2C073AE69C5A43E49CD7E83E /* SourceSans3-Italic.ttf in Resources */,
				2B92C3F021E1436998146726 /* SourceSans3-Light.ttf in Resources */,
				09F376BD67FB4F09B140BBBD /* SourceSans3-LightItalic.ttf in Resources */,
				155805C0AA5E4849BBE327F3 /* SourceSans3-Medium.ttf in Resources */,
				FF3D66444FFE41278A5D7312 /* SourceSans3-MediumItalic.ttf in Resources */,
				6D1087EC93F94C158FAB9A87 /* SourceSans3-Regular.ttf in Resources */,
				8EC27AAD2E474B0EA3227FCA /* SourceSans3-SemiBold.ttf in Resources */,
				FD818719278D4BC29585844E /* SourceSans3-SemiBoldItalic.ttf in Resources */,
			);
			runOnlyForDeploymentPostprocessing = 0;
		};
/* End PBXResourcesBuildPhase section */

/* Begin PBXShellScriptBuildPhase section */
		00DD1BFF1BD5951E006B06BC /* Bundle React Native code and images */ = {
			isa = PBXShellScriptBuildPhase;
			buildActionMask = 2147483647;
			files = (
			);
			inputPaths = (
				"$(SRCROOT)/.xcode.env.local",
				"$(SRCROOT)/.xcode.env",
			);
			name = "Bundle React Native code and images";
			outputPaths = (
			);
			runOnlyForDeploymentPostprocessing = 0;
			shellPath = /bin/sh;
			shellScript = "set -e\n\nWITH_ENVIRONMENT=\"../node_modules/react-native/scripts/xcode/with-environment.sh\"\nREACT_NATIVE_XCODE=\"../node_modules/react-native/scripts/react-native-xcode.sh\"\n\n/bin/sh -c \"$WITH_ENVIRONMENT $REACT_NATIVE_XCODE\"\n";
		};
		00EEFC60759A1932668264C0 /* [CP] Embed Pods Frameworks */ = {
			isa = PBXShellScriptBuildPhase;
			buildActionMask = 2147483647;
			files = (
			);
			inputFileListPaths = (
				"${PODS_ROOT}/Target Support Files/Pods-crypto_experiment/Pods-crypto_experiment-frameworks-${CONFIGURATION}-input-files.xcfilelist",
			);
			name = "[CP] Embed Pods Frameworks";
			outputFileListPaths = (
				"${PODS_ROOT}/Target Support Files/Pods-crypto_experiment/Pods-crypto_experiment-frameworks-${CONFIGURATION}-output-files.xcfilelist",
			);
			runOnlyForDeploymentPostprocessing = 0;
			shellPath = /bin/sh;
			shellScript = "\"${PODS_ROOT}/Target Support Files/Pods-crypto_experiment/Pods-crypto_experiment-frameworks.sh\"\n";
			showEnvVarsInLog = 0;
		};
		A55EABD7B0C7F3A422A6CC61 /* [CP] Check Pods Manifest.lock */ = {
			isa = PBXShellScriptBuildPhase;
			buildActionMask = 2147483647;
			files = (
			);
			inputFileListPaths = (
			);
			inputPaths = (
				"${PODS_PODFILE_DIR_PATH}/Podfile.lock",
				"${PODS_ROOT}/Manifest.lock",
			);
			name = "[CP] Check Pods Manifest.lock";
			outputFileListPaths = (
			);
			outputPaths = (
				"$(DERIVED_FILE_DIR)/Pods-crypto_experiment-crypto_experimentTests-checkManifestLockResult.txt",
			);
			runOnlyForDeploymentPostprocessing = 0;
			shellPath = /bin/sh;
			shellScript = "diff \"${PODS_PODFILE_DIR_PATH}/Podfile.lock\" \"${PODS_ROOT}/Manifest.lock\" > /dev/null\nif [ $? != 0 ] ; then\n    # print error to STDERR\n    echo \"error: The sandbox is not in sync with the Podfile.lock. Run 'pod install' or update your CocoaPods installation.\" >&2\n    exit 1\nfi\n# This output is used by Xcode 'outputs' to avoid re-running this script phase.\necho \"SUCCESS\" > \"${SCRIPT_OUTPUT_FILE_0}\"\n";
			showEnvVarsInLog = 0;
		};
		C38B50BA6285516D6DCD4F65 /* [CP] Check Pods Manifest.lock */ = {
			isa = PBXShellScriptBuildPhase;
			buildActionMask = 2147483647;
			files = (
			);
			inputFileListPaths = (
			);
			inputPaths = (
				"${PODS_PODFILE_DIR_PATH}/Podfile.lock",
				"${PODS_ROOT}/Manifest.lock",
			);
			name = "[CP] Check Pods Manifest.lock";
			outputFileListPaths = (
			);
			outputPaths = (
				"$(DERIVED_FILE_DIR)/Pods-crypto_experiment-checkManifestLockResult.txt",
			);
			runOnlyForDeploymentPostprocessing = 0;
			shellPath = /bin/sh;
			shellScript = "diff \"${PODS_PODFILE_DIR_PATH}/Podfile.lock\" \"${PODS_ROOT}/Manifest.lock\" > /dev/null\nif [ $? != 0 ] ; then\n    # print error to STDERR\n    echo \"error: The sandbox is not in sync with the Podfile.lock. Run 'pod install' or update your CocoaPods installation.\" >&2\n    exit 1\nfi\n# This output is used by Xcode 'outputs' to avoid re-running this script phase.\necho \"SUCCESS\" > \"${SCRIPT_OUTPUT_FILE_0}\"\n";
			showEnvVarsInLog = 0;
		};
		C59DA0FBD6956966B86A3779 /* [CP] Embed Pods Frameworks */ = {
			isa = PBXShellScriptBuildPhase;
			buildActionMask = 2147483647;
			files = (
			);
			inputFileListPaths = (
				"${PODS_ROOT}/Target Support Files/Pods-crypto_experiment-crypto_experimentTests/Pods-crypto_experiment-crypto_experimentTests-frameworks-${CONFIGURATION}-input-files.xcfilelist",
			);
			name = "[CP] Embed Pods Frameworks";
			outputFileListPaths = (
				"${PODS_ROOT}/Target Support Files/Pods-crypto_experiment-crypto_experimentTests/Pods-crypto_experiment-crypto_experimentTests-frameworks-${CONFIGURATION}-output-files.xcfilelist",
			);
			runOnlyForDeploymentPostprocessing = 0;
			shellPath = /bin/sh;
			shellScript = "\"${PODS_ROOT}/Target Support Files/Pods-crypto_experiment-crypto_experimentTests/Pods-crypto_experiment-crypto_experimentTests-frameworks.sh\"\n";
			showEnvVarsInLog = 0;
		};
		E235C05ADACE081382539298 /* [CP] Copy Pods Resources */ = {
			isa = PBXShellScriptBuildPhase;
			buildActionMask = 2147483647;
			files = (
			);
			inputFileListPaths = (
				"${PODS_ROOT}/Target Support Files/Pods-crypto_experiment/Pods-crypto_experiment-resources-${CONFIGURATION}-input-files.xcfilelist",
			);
			name = "[CP] Copy Pods Resources";
			outputFileListPaths = (
				"${PODS_ROOT}/Target Support Files/Pods-crypto_experiment/Pods-crypto_experiment-resources-${CONFIGURATION}-output-files.xcfilelist",
			);
			runOnlyForDeploymentPostprocessing = 0;
			shellPath = /bin/sh;
			shellScript = "\"${PODS_ROOT}/Target Support Files/Pods-crypto_experiment/Pods-crypto_experiment-resources.sh\"\n";
			showEnvVarsInLog = 0;
		};
		F6A41C54EA430FDDC6A6ED99 /* [CP] Copy Pods Resources */ = {
			isa = PBXShellScriptBuildPhase;
			buildActionMask = 2147483647;
			files = (
			);
			inputFileListPaths = (
				"${PODS_ROOT}/Target Support Files/Pods-crypto_experiment-crypto_experimentTests/Pods-crypto_experiment-crypto_experimentTests-resources-${CONFIGURATION}-input-files.xcfilelist",
			);
			name = "[CP] Copy Pods Resources";
			outputFileListPaths = (
				"${PODS_ROOT}/Target Support Files/Pods-crypto_experiment-crypto_experimentTests/Pods-crypto_experiment-crypto_experimentTests-resources-${CONFIGURATION}-output-files.xcfilelist",
			);
			runOnlyForDeploymentPostprocessing = 0;
			shellPath = /bin/sh;
			shellScript = "\"${PODS_ROOT}/Target Support Files/Pods-crypto_experiment-crypto_experimentTests/Pods-crypto_experiment-crypto_experimentTests-resources.sh\"\n";
			showEnvVarsInLog = 0;
		};
		FD10A7F022414F080027D42C /* Start Packager */ = {
			isa = PBXShellScriptBuildPhase;
			buildActionMask = 2147483647;
			files = (
			);
			inputFileListPaths = (
			);
			inputPaths = (
			);
			name = "Start Packager";
			outputFileListPaths = (
			);
			outputPaths = (
			);
			runOnlyForDeploymentPostprocessing = 0;
			shellPath = /bin/sh;
			shellScript = "export RCT_METRO_PORT=\"${RCT_METRO_PORT:=8081}\"\necho \"export RCT_METRO_PORT=${RCT_METRO_PORT}\" > \"${SRCROOT}/../node_modules/react-native/scripts/.packager.env\"\nif [ -z \"${RCT_NO_LAUNCH_PACKAGER+xxx}\" ] ; then\n  if nc -w 5 -z localhost ${RCT_METRO_PORT} ; then\n    if ! curl -s \"http://localhost:${RCT_METRO_PORT}/status\" | grep -q \"packager-status:running\" ; then\n      echo \"Port ${RCT_METRO_PORT} already in use, packager is either not running or not running correctly\"\n      exit 2\n    fi\n  else\n    open \"$SRCROOT/../node_modules/react-native/scripts/launchPackager.command\" || echo \"Can't start packager automatically\"\n  fi\nfi\n";
			showEnvVarsInLog = 0;
		};
/* End PBXShellScriptBuildPhase section */

/* Begin PBXSourcesBuildPhase section */
		00E356EA1AD99517003FC87E /* Sources */ = {
			isa = PBXSourcesBuildPhase;
			buildActionMask = 2147483647;
			files = (
				00E356F31AD99517003FC87E /* crypto_experimentTests.m in Sources */,
			);
			runOnlyForDeploymentPostprocessing = 0;
		};
		13B07F871A680F5B00A75B9A /* Sources */ = {
			isa = PBXSourcesBuildPhase;
			buildActionMask = 2147483647;
			files = (
				13B07FBC1A68108700A75B9A /* AppDelegate.mm in Sources */,
				13B07FC11A68108700A75B9A /* main.m in Sources */,
			);
			runOnlyForDeploymentPostprocessing = 0;
		};
/* End PBXSourcesBuildPhase section */

/* Begin PBXTargetDependency section */
		00E356F51AD99517003FC87E /* PBXTargetDependency */ = {
			isa = PBXTargetDependency;
			target = 13B07F861A680F5B00A75B9A /* crypto_experiment */;
			targetProxy = 00E356F41AD99517003FC87E /* PBXContainerItemProxy */;
		};
/* End PBXTargetDependency section */

/* Begin XCBuildConfiguration section */
		00E356F61AD99517003FC87E /* Debug */ = {
			isa = XCBuildConfiguration;
			baseConfigurationReference = 5B7EB9410499542E8C5724F5 /* Pods-crypto_experiment-crypto_experimentTests.debug.xcconfig */;
			buildSettings = {
				BUNDLE_LOADER = "$(TEST_HOST)";
				GCC_PREPROCESSOR_DEFINITIONS = (
					"DEBUG=1",
					"$(inherited)",
				);
				INFOPLIST_FILE = crypto_experimentTests/Info.plist;
				IPHONEOS_DEPLOYMENT_TARGET = 12.4;
				LD_RUNPATH_SEARCH_PATHS = (
					"$(inherited)",
					"@executable_path/Frameworks",
					"@loader_path/Frameworks",
				);
				OTHER_LDFLAGS = (
					"-ObjC",
					"-lc++",
					"$(inherited)",
				);
				PRODUCT_BUNDLE_IDENTIFIER = "org.reactjs.native.example.$(PRODUCT_NAME:rfc1034identifier)";
				PRODUCT_NAME = "$(TARGET_NAME)";
				TEST_HOST = "$(BUILT_PRODUCTS_DIR)/crypto_experiment.app/crypto_experiment";
			};
			name = Debug;
		};
		00E356F71AD99517003FC87E /* Release */ = {
			isa = XCBuildConfiguration;
			baseConfigurationReference = 89C6BE57DB24E9ADA2F236DE /* Pods-crypto_experiment-crypto_experimentTests.release.xcconfig */;
			buildSettings = {
				BUNDLE_LOADER = "$(TEST_HOST)";
				COPY_PHASE_STRIP = NO;
				INFOPLIST_FILE = crypto_experimentTests/Info.plist;
				IPHONEOS_DEPLOYMENT_TARGET = 12.4;
				LD_RUNPATH_SEARCH_PATHS = (
					"$(inherited)",
					"@executable_path/Frameworks",
					"@loader_path/Frameworks",
				);
				OTHER_LDFLAGS = (
					"-ObjC",
					"-lc++",
					"$(inherited)",
				);
				PRODUCT_BUNDLE_IDENTIFIER = "org.reactjs.native.example.$(PRODUCT_NAME:rfc1034identifier)";
				PRODUCT_NAME = "$(TARGET_NAME)";
				TEST_HOST = "$(BUILT_PRODUCTS_DIR)/crypto_experiment.app/crypto_experiment";
			};
			name = Release;
		};
		13B07F941A680F5B00A75B9A /* Debug */ = {
			isa = XCBuildConfiguration;
			baseConfigurationReference = 3B4392A12AC88292D35C810B /* Pods-crypto_experiment.debug.xcconfig */;
			buildSettings = {
				ASSETCATALOG_COMPILER_APPICON_NAME = AppIcon;
				CLANG_ENABLE_MODULES = YES;
				CURRENT_PROJECT_VERSION = 1;
				ENABLE_BITCODE = NO;
				INFOPLIST_FILE = crypto_experiment/Info.plist;
				LD_RUNPATH_SEARCH_PATHS = (
					"$(inherited)",
					"@executable_path/Frameworks",
				);
				MARKETING_VERSION = 1.0;
				OTHER_LDFLAGS = (
					"$(inherited)",
					"-ObjC",
					"-lc++",
				);
				PRODUCT_BUNDLE_IDENTIFIER = "org.reactjs.native.example.$(PRODUCT_NAME:rfc1034identifier)";
				PRODUCT_NAME = crypto_experiment;
				SWIFT_OPTIMIZATION_LEVEL = "-Onone";
				SWIFT_VERSION = 5.0;
				VERSIONING_SYSTEM = "apple-generic";
			};
			name = Debug;
		};
		13B07F951A680F5B00A75B9A /* Release */ = {
			isa = XCBuildConfiguration;
			baseConfigurationReference = 5709B34CF0A7D63546082F79 /* Pods-crypto_experiment.release.xcconfig */;
			buildSettings = {
				ASSETCATALOG_COMPILER_APPICON_NAME = AppIcon;
				CLANG_ENABLE_MODULES = YES;
				CURRENT_PROJECT_VERSION = 1;
				INFOPLIST_FILE = crypto_experiment/Info.plist;
				LD_RUNPATH_SEARCH_PATHS = (
					"$(inherited)",
					"@executable_path/Frameworks",
				);
				MARKETING_VERSION = 1.0;
				OTHER_LDFLAGS = (
					"$(inherited)",
					"-ObjC",
					"-lc++",
				);
				PRODUCT_BUNDLE_IDENTIFIER = "org.reactjs.native.example.$(PRODUCT_NAME:rfc1034identifier)";
				PRODUCT_NAME = crypto_experiment;
				SWIFT_VERSION = 5.0;
				VERSIONING_SYSTEM = "apple-generic";
			};
			name = Release;
		};
		83CBBA201A601CBA00E9B192 /* Debug */ = {
			isa = XCBuildConfiguration;
			buildSettings = {
				ALWAYS_SEARCH_USER_PATHS = NO;
				CLANG_ANALYZER_LOCALIZABILITY_NONLOCALIZED = YES;
				CLANG_CXX_LANGUAGE_STANDARD = "c++17";
				CLANG_CXX_LIBRARY = "libc++";
				CLANG_ENABLE_MODULES = YES;
				CLANG_ENABLE_OBJC_ARC = YES;
				CLANG_WARN_BLOCK_CAPTURE_AUTORELEASING = YES;
				CLANG_WARN_BOOL_CONVERSION = YES;
				CLANG_WARN_COMMA = YES;
				CLANG_WARN_CONSTANT_CONVERSION = YES;
				CLANG_WARN_DEPRECATED_OBJC_IMPLEMENTATIONS = YES;
				CLANG_WARN_DIRECT_OBJC_ISA_USAGE = YES_ERROR;
				CLANG_WARN_EMPTY_BODY = YES;
				CLANG_WARN_ENUM_CONVERSION = YES;
				CLANG_WARN_INFINITE_RECURSION = YES;
				CLANG_WARN_INT_CONVERSION = YES;
				CLANG_WARN_NON_LITERAL_NULL_CONVERSION = YES;
				CLANG_WARN_OBJC_IMPLICIT_RETAIN_SELF = YES;
				CLANG_WARN_OBJC_LITERAL_CONVERSION = YES;
				CLANG_WARN_OBJC_ROOT_CLASS = YES_ERROR;
				CLANG_WARN_QUOTED_INCLUDE_IN_FRAMEWORK_HEADER = YES;
				CLANG_WARN_RANGE_LOOP_ANALYSIS = YES;
				CLANG_WARN_STRICT_PROTOTYPES = YES;
				CLANG_WARN_SUSPICIOUS_MOVE = YES;
				CLANG_WARN_UNREACHABLE_CODE = YES;
				CLANG_WARN__DUPLICATE_METHOD_MATCH = YES;
				"CODE_SIGN_IDENTITY[sdk=iphoneos*]" = "iPhone Developer";
				COPY_PHASE_STRIP = NO;
				ENABLE_STRICT_OBJC_MSGSEND = YES;
				ENABLE_TESTABILITY = YES;
				"EXCLUDED_ARCHS[sdk=iphonesimulator*]" = "";
				GCC_C_LANGUAGE_STANDARD = gnu99;
				GCC_DYNAMIC_NO_PIC = NO;
				GCC_NO_COMMON_BLOCKS = YES;
				GCC_OPTIMIZATION_LEVEL = 0;
				GCC_PREPROCESSOR_DEFINITIONS = (
					"DEBUG=1",
					"$(inherited)",
				);
				GCC_SYMBOLS_PRIVATE_EXTERN = NO;
				GCC_WARN_64_TO_32_BIT_CONVERSION = YES;
				GCC_WARN_ABOUT_RETURN_TYPE = YES_ERROR;
				GCC_WARN_UNDECLARED_SELECTOR = YES;
				GCC_WARN_UNINITIALIZED_AUTOS = YES_AGGRESSIVE;
				GCC_WARN_UNUSED_FUNCTION = YES;
				GCC_WARN_UNUSED_VARIABLE = YES;
				IPHONEOS_DEPLOYMENT_TARGET = 12.4;
				LD_RUNPATH_SEARCH_PATHS = (
					/usr/lib/swift,
					"$(inherited)",
				);
				LIBRARY_SEARCH_PATHS = (
					"\"$(SDKROOT)/usr/lib/swift\"",
					"\"$(TOOLCHAIN_DIR)/usr/lib/swift/$(PLATFORM_NAME)\"",
					"\"$(inherited)\"",
				);
				MTL_ENABLE_DEBUG_INFO = YES;
				ONLY_ACTIVE_ARCH = YES;
				OTHER_CPLUSPLUSFLAGS = (
					"$(OTHER_CFLAGS)",
					"-DFOLLY_NO_CONFIG",
					"-DFOLLY_MOBILE=1",
					"-DFOLLY_USE_LIBCPP=1",
				);
				SDKROOT = iphoneos;
			};
			name = Debug;
		};
		83CBBA211A601CBA00E9B192 /* Release */ = {
			isa = XCBuildConfiguration;
			buildSettings = {
				ALWAYS_SEARCH_USER_PATHS = NO;
				CLANG_ANALYZER_LOCALIZABILITY_NONLOCALIZED = YES;
				CLANG_CXX_LANGUAGE_STANDARD = "c++17";
				CLANG_CXX_LIBRARY = "libc++";
				CLANG_ENABLE_MODULES = YES;
				CLANG_ENABLE_OBJC_ARC = YES;
				CLANG_WARN_BLOCK_CAPTURE_AUTORELEASING = YES;
				CLANG_WARN_BOOL_CONVERSION = YES;
				CLANG_WARN_COMMA = YES;
				CLANG_WARN_CONSTANT_CONVERSION = YES;
				CLANG_WARN_DEPRECATED_OBJC_IMPLEMENTATIONS = YES;
				CLANG_WARN_DIRECT_OBJC_ISA_USAGE = YES_ERROR;
				CLANG_WARN_EMPTY_BODY = YES;
				CLANG_WARN_ENUM_CONVERSION = YES;
				CLANG_WARN_INFINITE_RECURSION = YES;
				CLANG_WARN_INT_CONVERSION = YES;
				CLANG_WARN_NON_LITERAL_NULL_CONVERSION = YES;
				CLANG_WARN_OBJC_IMPLICIT_RETAIN_SELF = YES;
				CLANG_WARN_OBJC_LITERAL_CONVERSION = YES;
				CLANG_WARN_OBJC_ROOT_CLASS = YES_ERROR;
				CLANG_WARN_QUOTED_INCLUDE_IN_FRAMEWORK_HEADER = YES;
				CLANG_WARN_RANGE_LOOP_ANALYSIS = YES;
				CLANG_WARN_STRICT_PROTOTYPES = YES;
				CLANG_WARN_SUSPICIOUS_MOVE = YES;
				CLANG_WARN_UNREACHABLE_CODE = YES;
				CLANG_WARN__DUPLICATE_METHOD_MATCH = YES;
				"CODE_SIGN_IDENTITY[sdk=iphoneos*]" = "iPhone Developer";
				COPY_PHASE_STRIP = YES;
				ENABLE_NS_ASSERTIONS = NO;
				ENABLE_STRICT_OBJC_MSGSEND = YES;
				"EXCLUDED_ARCHS[sdk=iphonesimulator*]" = "";
				GCC_C_LANGUAGE_STANDARD = gnu99;
				GCC_NO_COMMON_BLOCKS = YES;
				GCC_WARN_64_TO_32_BIT_CONVERSION = YES;
				GCC_WARN_ABOUT_RETURN_TYPE = YES_ERROR;
				GCC_WARN_UNDECLARED_SELECTOR = YES;
				GCC_WARN_UNINITIALIZED_AUTOS = YES_AGGRESSIVE;
				GCC_WARN_UNUSED_FUNCTION = YES;
				GCC_WARN_UNUSED_VARIABLE = YES;
				IPHONEOS_DEPLOYMENT_TARGET = 12.4;
				LD_RUNPATH_SEARCH_PATHS = (
					/usr/lib/swift,
					"$(inherited)",
				);
				LIBRARY_SEARCH_PATHS = (
					"\"$(SDKROOT)/usr/lib/swift\"",
					"\"$(TOOLCHAIN_DIR)/usr/lib/swift/$(PLATFORM_NAME)\"",
					"\"$(inherited)\"",
				);
				MTL_ENABLE_DEBUG_INFO = NO;
				OTHER_CPLUSPLUSFLAGS = (
					"$(OTHER_CFLAGS)",
					"-DFOLLY_NO_CONFIG",
					"-DFOLLY_MOBILE=1",
					"-DFOLLY_USE_LIBCPP=1",
				);
				SDKROOT = iphoneos;
				VALIDATE_PRODUCT = YES;
			};
			name = Release;
		};
/* End XCBuildConfiguration section */

/* Begin XCConfigurationList section */
		00E357021AD99517003FC87E /* Build configuration list for PBXNativeTarget "crypto_experimentTests" */ = {
			isa = XCConfigurationList;
			buildConfigurations = (
				00E356F61AD99517003FC87E /* Debug */,
				00E356F71AD99517003FC87E /* Release */,
			);
			defaultConfigurationIsVisible = 0;
			defaultConfigurationName = Release;
		};
		13B07F931A680F5B00A75B9A /* Build configuration list for PBXNativeTarget "crypto_experiment" */ = {
			isa = XCConfigurationList;
			buildConfigurations = (
				13B07F941A680F5B00A75B9A /* Debug */,
				13B07F951A680F5B00A75B9A /* Release */,
			);
			defaultConfigurationIsVisible = 0;
			defaultConfigurationName = Release;
		};
		83CBB9FA1A601CBA00E9B192 /* Build configuration list for PBXProject "crypto_experiment" */ = {
			isa = XCConfigurationList;
			buildConfigurations = (
				83CBBA201A601CBA00E9B192 /* Debug */,
				83CBBA211A601CBA00E9B192 /* Release */,
			);
			defaultConfigurationIsVisible = 0;
			defaultConfigurationName = Release;
		};
/* End XCConfigurationList section */
	};
	rootObject = 83CBB9F71A601CBA00E9B192 /* Project object */;
}
